<?xml version="1.0" encoding="utf-8"?>
<Project ToolsVersion="4.0" xmlns="http://schemas.microsoft.com/developer/msbuild/2003">
  <ItemGroup>
    <Filter Include="src">
      <UniqueIdentifier>{8652b4cc-92bf-4420-838a-4ddce81a2ea6}</UniqueIdentifier>
    </Filter>
    <Filter Include="src\Tests">
      <UniqueIdentifier>{afbd4d64-ad1e-4a77-9e2b-dab5c53b8a6a}</UniqueIdentifier>
    </Filter>
    <Filter Include="rsrc">
      <UniqueIdentifier>{882c4720-3235-44fa-bd17-e1ab75bdce53}</UniqueIdentifier>
    </Filter>
    <Filter Include="libs">
      <UniqueIdentifier>{7c7a860f-46e3-4c35-9298-387a09a306df}</UniqueIdentifier>
    </Filter>
  </ItemGroup>
  <ItemGroup>
    <ClInclude Include="stdafx.h">
      <Filter>src</Filter>
    </ClInclude>
    <ClInclude Include="resource.h">
      <Filter>rsrc</Filter>
    </ClInclude>
    <ClInclude Include="..\Include\Log.h">
      <Filter>libs</Filter>
    </ClInclude>
  </ItemGroup>
  <ItemGroup>
    <ClCompile Include="stdafx.cpp">
      <Filter>src</Filter>
    </ClCompile>
    <ClCompile Include="Log_test.cpp">
      <Filter>src\Tests</Filter>
    </ClCompile>
  </ItemGroup>
  <ItemGroup>
    <ResourceCompile Include="Log_test.rc">
      <Filter>rsrc</Filter>
    </ResourceCompile>
  </ItemGroup>
</Project>